// !$*UTF8*$!
{
	archiveVersion = 1;
	classes = {
	};
	objectVersion = 55;
	objects = {

/* Begin PBXBuildFile section */
		822B1A012721125800DD7882 /* GoogleService-Info.plist in Resources */ = {isa = PBXBuildFile; fileRef = 822B1A002721125800DD7882 /* GoogleService-Info.plist */; };
		8253048B2732ECAD0029D9FD /* Inventory.swift in Sources */ = {isa = PBXBuildFile; fileRef = 8253048A2732ECAD0029D9FD /* Inventory.swift */; };
		825FBB2A273C5D1000CB2904 /* Cedric.storyboard in Resources */ = {isa = PBXBuildFile; fileRef = 825FBB29273C5D1000CB2904 /* Cedric.storyboard */; };
		82F012712729FC3D003BC06F /* ShopViewController.swift in Sources */ = {isa = PBXBuildFile; fileRef = 82F012702729FC3D003BC06F /* ShopViewController.swift */; };
		902C4F8793A052958EA4226E /* Pods_Gardenia_GardeniaUITests.framework in Frameworks */ = {isa = PBXBuildFile; fileRef = BE8F53FFDFCF5C9C160A60BE /* Pods_Gardenia_GardeniaUITests.framework */; };
		A01B772C271532C700042FC9 /* AppDelegate.swift in Sources */ = {isa = PBXBuildFile; fileRef = A01B772B271532C700042FC9 /* AppDelegate.swift */; };
		A01B772E271532C700042FC9 /* SceneDelegate.swift in Sources */ = {isa = PBXBuildFile; fileRef = A01B772D271532C700042FC9 /* SceneDelegate.swift */; };
		A01B7730271532C700042FC9 /* ViewController.swift in Sources */ = {isa = PBXBuildFile; fileRef = A01B772F271532C700042FC9 /* ViewController.swift */; };
		A01B7733271532C700042FC9 /* Main.storyboard in Resources */ = {isa = PBXBuildFile; fileRef = A01B7731271532C700042FC9 /* Main.storyboard */; };
		A01B7735271532C800042FC9 /* Assets.xcassets in Resources */ = {isa = PBXBuildFile; fileRef = A01B7734271532C800042FC9 /* Assets.xcassets */; };
		A01B7738271532C800042FC9 /* LaunchScreen.storyboard in Resources */ = {isa = PBXBuildFile; fileRef = A01B7736271532C800042FC9 /* LaunchScreen.storyboard */; };
		A099B844272995C100BF6FA5 /* LoginViewController.swift in Sources */ = {isa = PBXBuildFile; fileRef = A099B843272995C100BF6FA5 /* LoginViewController.swift */; };
		A099B846272995D700BF6FA5 /* RegisterViewController.swift in Sources */ = {isa = PBXBuildFile; fileRef = A099B845272995D700BF6FA5 /* RegisterViewController.swift */; };
		A099B848272995EC00BF6FA5 /* CalendarViewController.swift in Sources */ = {isa = PBXBuildFile; fileRef = A099B847272995EC00BF6FA5 /* CalendarViewController.swift */; };
		A0D85F6F2720C572000314B2 /* PlantViewController.swift in Sources */ = {isa = PBXBuildFile; fileRef = A0D85F6E2720C572000314B2 /* PlantViewController.swift */; };
		BD7276C50AA6A235EF451921 /* Pods_GardeniaTests.framework in Frameworks */ = {isa = PBXBuildFile; fileRef = 7717A3C3E08939367A92039C /* Pods_GardeniaTests.framework */; };
		CDEA658648587B97F88CB291 /* Pods_Gardenia.framework in Frameworks */ = {isa = PBXBuildFile; fileRef = BDDA3E7905E9BD6727A82BB7 /* Pods_Gardenia.framework */; };
/* End PBXBuildFile section */

/* Begin PBXContainerItemProxy section */
		A01B773F271532C800042FC9 /* PBXContainerItemProxy */ = {
			isa = PBXContainerItemProxy;
			containerPortal = A01B7720271532C700042FC9 /* Project object */;
			proxyType = 1;
			remoteGlobalIDString = A01B7727271532C700042FC9;
			remoteInfo = Gardenia;
		};
		A01B7749271532C800042FC9 /* PBXContainerItemProxy */ = {
			isa = PBXContainerItemProxy;
			containerPortal = A01B7720271532C700042FC9 /* Project object */;
			proxyType = 1;
			remoteGlobalIDString = A01B7727271532C700042FC9;
			remoteInfo = Gardenia;
		};
/* End PBXContainerItemProxy section */

/* Begin PBXFileReference section */
		0219D115A3F1CB4050A7E011 /* Pods-Gardenia-GardeniaUITests.debug.xcconfig */ = {isa = PBXFileReference; includeInIndex = 1; lastKnownFileType = text.xcconfig; name = "Pods-Gardenia-GardeniaUITests.debug.xcconfig"; path = "Target Support Files/Pods-Gardenia-GardeniaUITests/Pods-Gardenia-GardeniaUITests.debug.xcconfig"; sourceTree = "<group>"; };
		025CBDCB4FAA8D4669621FC7 /* Pods-Gardenia.debug.xcconfig */ = {isa = PBXFileReference; includeInIndex = 1; lastKnownFileType = text.xcconfig; name = "Pods-Gardenia.debug.xcconfig"; path = "Target Support Files/Pods-Gardenia/Pods-Gardenia.debug.xcconfig"; sourceTree = "<group>"; };
		637BE28D0582D262EE9066A9 /* Pods-GardeniaTests.debug.xcconfig */ = {isa = PBXFileReference; includeInIndex = 1; lastKnownFileType = text.xcconfig; name = "Pods-GardeniaTests.debug.xcconfig"; path = "Target Support Files/Pods-GardeniaTests/Pods-GardeniaTests.debug.xcconfig"; sourceTree = "<group>"; };
		66792AEF37EC9CD367FB2771 /* Pods-Gardenia-GardeniaUITests.release.xcconfig */ = {isa = PBXFileReference; includeInIndex = 1; lastKnownFileType = text.xcconfig; name = "Pods-Gardenia-GardeniaUITests.release.xcconfig"; path = "Target Support Files/Pods-Gardenia-GardeniaUITests/Pods-Gardenia-GardeniaUITests.release.xcconfig"; sourceTree = "<group>"; };
		7717A3C3E08939367A92039C /* Pods_GardeniaTests.framework */ = {isa = PBXFileReference; explicitFileType = wrapper.framework; includeInIndex = 0; path = Pods_GardeniaTests.framework; sourceTree = BUILT_PRODUCTS_DIR; };
		822B1A002721125800DD7882 /* GoogleService-Info.plist */ = {isa = PBXFileReference; fileEncoding = 4; lastKnownFileType = text.plist.xml; path = "GoogleService-Info.plist"; sourceTree = "<group>"; };
		8253048A2732ECAD0029D9FD /* Inventory.swift */ = {isa = PBXFileReference; lastKnownFileType = sourcecode.swift; path = Inventory.swift; sourceTree = "<group>"; };
		825FBB29273C5D1000CB2904 /* Cedric.storyboard */ = {isa = PBXFileReference; lastKnownFileType = file.storyboard; path = Cedric.storyboard; sourceTree = "<group>"; };
		82F012702729FC3D003BC06F /* ShopViewController.swift */ = {isa = PBXFileReference; lastKnownFileType = sourcecode.swift; path = ShopViewController.swift; sourceTree = "<group>"; };
		9F8E280203A866C62CA2C574 /* Pods-GardeniaTests.release.xcconfig */ = {isa = PBXFileReference; includeInIndex = 1; lastKnownFileType = text.xcconfig; name = "Pods-GardeniaTests.release.xcconfig"; path = "Target Support Files/Pods-GardeniaTests/Pods-GardeniaTests.release.xcconfig"; sourceTree = "<group>"; };
		A01B7728271532C700042FC9 /* Gardenia.app */ = {isa = PBXFileReference; explicitFileType = wrapper.application; includeInIndex = 0; path = Gardenia.app; sourceTree = BUILT_PRODUCTS_DIR; };
		A01B772B271532C700042FC9 /* AppDelegate.swift */ = {isa = PBXFileReference; lastKnownFileType = sourcecode.swift; path = AppDelegate.swift; sourceTree = "<group>"; };
		A01B772D271532C700042FC9 /* SceneDelegate.swift */ = {isa = PBXFileReference; lastKnownFileType = sourcecode.swift; path = SceneDelegate.swift; sourceTree = "<group>"; };
		A01B772F271532C700042FC9 /* ViewController.swift */ = {isa = PBXFileReference; lastKnownFileType = sourcecode.swift; path = ViewController.swift; sourceTree = "<group>"; };
		A01B7732271532C700042FC9 /* Base */ = {isa = PBXFileReference; lastKnownFileType = file.storyboard; name = Base; path = Base.lproj/Main.storyboard; sourceTree = "<group>"; };
		A01B7734271532C800042FC9 /* Assets.xcassets */ = {isa = PBXFileReference; lastKnownFileType = folder.assetcatalog; path = Assets.xcassets; sourceTree = "<group>"; };
		A01B7737271532C800042FC9 /* Base */ = {isa = PBXFileReference; lastKnownFileType = file.storyboard; name = Base; path = Base.lproj/LaunchScreen.storyboard; sourceTree = "<group>"; };
		A01B7739271532C800042FC9 /* Info.plist */ = {isa = PBXFileReference; lastKnownFileType = text.plist.xml; path = Info.plist; sourceTree = "<group>"; };
		A01B773E271532C800042FC9 /* GardeniaTests.xctest */ = {isa = PBXFileReference; explicitFileType = wrapper.cfbundle; includeInIndex = 0; path = GardeniaTests.xctest; sourceTree = BUILT_PRODUCTS_DIR; };
		A01B7748271532C800042FC9 /* GardeniaUITests.xctest */ = {isa = PBXFileReference; explicitFileType = wrapper.cfbundle; includeInIndex = 0; path = GardeniaUITests.xctest; sourceTree = BUILT_PRODUCTS_DIR; };
		A099B843272995C100BF6FA5 /* LoginViewController.swift */ = {isa = PBXFileReference; lastKnownFileType = sourcecode.swift; path = LoginViewController.swift; sourceTree = "<group>"; };
		A099B845272995D700BF6FA5 /* RegisterViewController.swift */ = {isa = PBXFileReference; lastKnownFileType = sourcecode.swift; path = RegisterViewController.swift; sourceTree = "<group>"; };
		A099B847272995EC00BF6FA5 /* CalendarViewController.swift */ = {isa = PBXFileReference; lastKnownFileType = sourcecode.swift; path = CalendarViewController.swift; sourceTree = "<group>"; };
		A0D85F6E2720C572000314B2 /* PlantViewController.swift */ = {isa = PBXFileReference; lastKnownFileType = sourcecode.swift; path = PlantViewController.swift; sourceTree = "<group>"; };
		BDDA3E7905E9BD6727A82BB7 /* Pods_Gardenia.framework */ = {isa = PBXFileReference; explicitFileType = wrapper.framework; includeInIndex = 0; path = Pods_Gardenia.framework; sourceTree = BUILT_PRODUCTS_DIR; };
		BE8F53FFDFCF5C9C160A60BE /* Pods_Gardenia_GardeniaUITests.framework */ = {isa = PBXFileReference; explicitFileType = wrapper.framework; includeInIndex = 0; path = Pods_Gardenia_GardeniaUITests.framework; sourceTree = BUILT_PRODUCTS_DIR; };
		CAA468054FEA197D1B849BAF /* Pods-Gardenia.release.xcconfig */ = {isa = PBXFileReference; includeInIndex = 1; lastKnownFileType = text.xcconfig; name = "Pods-Gardenia.release.xcconfig"; path = "Target Support Files/Pods-Gardenia/Pods-Gardenia.release.xcconfig"; sourceTree = "<group>"; };
/* End PBXFileReference section */

/* Begin PBXFrameworksBuildPhase section */
		A01B7725271532C700042FC9 /* Frameworks */ = {
			isa = PBXFrameworksBuildPhase;
			buildActionMask = 2147483647;
			files = (
				CDEA658648587B97F88CB291 /* Pods_Gardenia.framework in Frameworks */,
			);
			runOnlyForDeploymentPostprocessing = 0;
		};
		A01B773B271532C800042FC9 /* Frameworks */ = {
			isa = PBXFrameworksBuildPhase;
			buildActionMask = 2147483647;
			files = (
				BD7276C50AA6A235EF451921 /* Pods_GardeniaTests.framework in Frameworks */,
			);
			runOnlyForDeploymentPostprocessing = 0;
		};
		A01B7745271532C800042FC9 /* Frameworks */ = {
			isa = PBXFrameworksBuildPhase;
			buildActionMask = 2147483647;
			files = (
				902C4F8793A052958EA4226E /* Pods_Gardenia_GardeniaUITests.framework in Frameworks */,
			);
			runOnlyForDeploymentPostprocessing = 0;
		};
/* End PBXFrameworksBuildPhase section */

/* Begin PBXGroup section */
		2D968504EFAE72185AB73B56 /* Frameworks */ = {
			isa = PBXGroup;
			children = (
				BDDA3E7905E9BD6727A82BB7 /* Pods_Gardenia.framework */,
				BE8F53FFDFCF5C9C160A60BE /* Pods_Gardenia_GardeniaUITests.framework */,
				7717A3C3E08939367A92039C /* Pods_GardeniaTests.framework */,
			);
			name = Frameworks;
			sourceTree = "<group>";
		};
		75D202514C44A4E4808188F2 /* Pods */ = {
			isa = PBXGroup;
			children = (
				025CBDCB4FAA8D4669621FC7 /* Pods-Gardenia.debug.xcconfig */,
				CAA468054FEA197D1B849BAF /* Pods-Gardenia.release.xcconfig */,
				0219D115A3F1CB4050A7E011 /* Pods-Gardenia-GardeniaUITests.debug.xcconfig */,
				66792AEF37EC9CD367FB2771 /* Pods-Gardenia-GardeniaUITests.release.xcconfig */,
				637BE28D0582D262EE9066A9 /* Pods-GardeniaTests.debug.xcconfig */,
				9F8E280203A866C62CA2C574 /* Pods-GardeniaTests.release.xcconfig */,
			);
			path = Pods;
			sourceTree = "<group>";
		};
		A01B771F271532C700042FC9 = {
			isa = PBXGroup;
			children = (
				A01B772A271532C700042FC9 /* Gardenia */,
				A01B7729271532C700042FC9 /* Products */,
				75D202514C44A4E4808188F2 /* Pods */,
				2D968504EFAE72185AB73B56 /* Frameworks */,
			);
			sourceTree = "<group>";
		};
		A01B7729271532C700042FC9 /* Products */ = {
			isa = PBXGroup;
			children = (
				A01B7728271532C700042FC9 /* Gardenia.app */,
				A01B773E271532C800042FC9 /* GardeniaTests.xctest */,
				A01B7748271532C800042FC9 /* GardeniaUITests.xctest */,
			);
			name = Products;
			sourceTree = "<group>";
		};
		A01B772A271532C700042FC9 /* Gardenia */ = {
			isa = PBXGroup;
			children = (
				A01B772B271532C700042FC9 /* AppDelegate.swift */,
				A01B772D271532C700042FC9 /* SceneDelegate.swift */,
				A01B772F271532C700042FC9 /* ViewController.swift */,
				A0D85F6E2720C572000314B2 /* PlantViewController.swift */,
				82F012702729FC3D003BC06F /* ShopViewController.swift */,
				A01B7731271532C700042FC9 /* Main.storyboard */,
				8253048A2732ECAD0029D9FD /* Inventory.swift */,
				825FBB29273C5D1000CB2904 /* Cedric.storyboard */,
				A099B843272995C100BF6FA5 /* LoginViewController.swift */,
				A099B845272995D700BF6FA5 /* RegisterViewController.swift */,
				A099B847272995EC00BF6FA5 /* CalendarViewController.swift */,
				A01B7734271532C800042FC9 /* Assets.xcassets */,
				A01B7736271532C800042FC9 /* LaunchScreen.storyboard */,
				822B1A002721125800DD7882 /* GoogleService-Info.plist */,
				A01B7739271532C800042FC9 /* Info.plist */,
			);
			path = Gardenia;
			sourceTree = "<group>";
		};
/* End PBXGroup section */

/* Begin PBXNativeTarget section */
		A01B7727271532C700042FC9 /* Gardenia */ = {
			isa = PBXNativeTarget;
			buildConfigurationList = A01B7752271532C800042FC9 /* Build configuration list for PBXNativeTarget "Gardenia" */;
			buildPhases = (
				D5D1617C65CB09487BEB2CDC /* [CP] Check Pods Manifest.lock */,
				A01B7724271532C700042FC9 /* Sources */,
				A01B7725271532C700042FC9 /* Frameworks */,
				A01B7726271532C700042FC9 /* Resources */,
				6B06DFDDE391341A1B6C6839 /* [CP] Embed Pods Frameworks */,
			);
			buildRules = (
			);
			dependencies = (
			);
			name = Gardenia;
			productName = Gardenia;
			productReference = A01B7728271532C700042FC9 /* Gardenia.app */;
			productType = "com.apple.product-type.application";
		};
		A01B773D271532C800042FC9 /* GardeniaTests */ = {
			isa = PBXNativeTarget;
			buildConfigurationList = A01B7755271532C800042FC9 /* Build configuration list for PBXNativeTarget "GardeniaTests" */;
			buildPhases = (
				5DB9B1B589FCA85B3D700E34 /* [CP] Check Pods Manifest.lock */,
				A01B773A271532C800042FC9 /* Sources */,
				A01B773B271532C800042FC9 /* Frameworks */,
				A01B773C271532C800042FC9 /* Resources */,
			);
			buildRules = (
			);
			dependencies = (
				A01B7740271532C800042FC9 /* PBXTargetDependency */,
			);
			name = GardeniaTests;
			productName = GardeniaTests;
			productReference = A01B773E271532C800042FC9 /* GardeniaTests.xctest */;
			productType = "com.apple.product-type.bundle.unit-test";
		};
		A01B7747271532C800042FC9 /* GardeniaUITests */ = {
			isa = PBXNativeTarget;
			buildConfigurationList = A01B7758271532C800042FC9 /* Build configuration list for PBXNativeTarget "GardeniaUITests" */;
			buildPhases = (
				8B63CB169F0F8E78C304D8FF /* [CP] Check Pods Manifest.lock */,
				A01B7744271532C800042FC9 /* Sources */,
				A01B7745271532C800042FC9 /* Frameworks */,
				A01B7746271532C800042FC9 /* Resources */,
				F4CC7FA2AC3BF2098DACFAC7 /* [CP] Embed Pods Frameworks */,
			);
			buildRules = (
			);
			dependencies = (
				A01B774A271532C800042FC9 /* PBXTargetDependency */,
			);
			name = GardeniaUITests;
			productName = GardeniaUITests;
			productReference = A01B7748271532C800042FC9 /* GardeniaUITests.xctest */;
			productType = "com.apple.product-type.bundle.ui-testing";
		};
/* End PBXNativeTarget section */

/* Begin PBXProject section */
		A01B7720271532C700042FC9 /* Project object */ = {
			isa = PBXProject;
			attributes = {
				BuildIndependentTargetsInParallel = 1;
				LastSwiftUpdateCheck = 1300;
				LastUpgradeCheck = 1300;
				TargetAttributes = {
					A01B7727271532C700042FC9 = {
						CreatedOnToolsVersion = 13.0;
					};
					A01B773D271532C800042FC9 = {
						CreatedOnToolsVersion = 13.0;
						TestTargetID = A01B7727271532C700042FC9;
					};
					A01B7747271532C800042FC9 = {
						CreatedOnToolsVersion = 13.0;
						TestTargetID = A01B7727271532C700042FC9;
					};
				};
			};
			buildConfigurationList = A01B7723271532C700042FC9 /* Build configuration list for PBXProject "Gardenia" */;
			compatibilityVersion = "Xcode 13.0";
			developmentRegion = en;
			hasScannedForEncodings = 0;
			knownRegions = (
				en,
				Base,
			);
			mainGroup = A01B771F271532C700042FC9;
			productRefGroup = A01B7729271532C700042FC9 /* Products */;
			projectDirPath = "";
			projectRoot = "";
			targets = (
				A01B7727271532C700042FC9 /* Gardenia */,
				A01B773D271532C800042FC9 /* GardeniaTests */,
				A01B7747271532C800042FC9 /* GardeniaUITests */,
			);
		};
/* End PBXProject section */

/* Begin PBXResourcesBuildPhase section */
		A01B7726271532C700042FC9 /* Resources */ = {
			isa = PBXResourcesBuildPhase;
			buildActionMask = 2147483647;
			files = (
				A01B7738271532C800042FC9 /* LaunchScreen.storyboard in Resources */,
				822B1A012721125800DD7882 /* GoogleService-Info.plist in Resources */,
				A01B7735271532C800042FC9 /* Assets.xcassets in Resources */,
				A01B7733271532C700042FC9 /* Main.storyboard in Resources */,
				825FBB2A273C5D1000CB2904 /* Cedric.storyboard in Resources */,
			);
			runOnlyForDeploymentPostprocessing = 0;
		};
		A01B773C271532C800042FC9 /* Resources */ = {
			isa = PBXResourcesBuildPhase;
			buildActionMask = 2147483647;
			files = (
			);
			runOnlyForDeploymentPostprocessing = 0;
		};
		A01B7746271532C800042FC9 /* Resources */ = {
			isa = PBXResourcesBuildPhase;
			buildActionMask = 2147483647;
			files = (
			);
			runOnlyForDeploymentPostprocessing = 0;
		};
/* End PBXResourcesBuildPhase section */

/* Begin PBXShellScriptBuildPhase section */
		5DB9B1B589FCA85B3D700E34 /* [CP] Check Pods Manifest.lock */ = {
			isa = PBXShellScriptBuildPhase;
			buildActionMask = 2147483647;
			files = (
			);
			inputFileListPaths = (
			);
			inputPaths = (
				"${PODS_PODFILE_DIR_PATH}/Podfile.lock",
				"${PODS_ROOT}/Manifest.lock",
			);
			name = "[CP] Check Pods Manifest.lock";
			outputFileListPaths = (
			);
			outputPaths = (
				"$(DERIVED_FILE_DIR)/Pods-GardeniaTests-checkManifestLockResult.txt",
			);
			runOnlyForDeploymentPostprocessing = 0;
			shellPath = /bin/sh;
			shellScript = "diff \"${PODS_PODFILE_DIR_PATH}/Podfile.lock\" \"${PODS_ROOT}/Manifest.lock\" > /dev/null\nif [ $? != 0 ] ; then\n    # print error to STDERR\n    echo \"error: The sandbox is not in sync with the Podfile.lock. Run 'pod install' or update your CocoaPods installation.\" >&2\n    exit 1\nfi\n# This output is used by Xcode 'outputs' to avoid re-running this script phase.\necho \"SUCCESS\" > \"${SCRIPT_OUTPUT_FILE_0}\"\n";
			showEnvVarsInLog = 0;
		};
		6B06DFDDE391341A1B6C6839 /* [CP] Embed Pods Frameworks */ = {
			isa = PBXShellScriptBuildPhase;
			buildActionMask = 2147483647;
			files = (
			);
			inputFileListPaths = (
				"${PODS_ROOT}/Target Support Files/Pods-Gardenia/Pods-Gardenia-frameworks-${CONFIGURATION}-input-files.xcfilelist",
			);
			name = "[CP] Embed Pods Frameworks";
			outputFileListPaths = (
				"${PODS_ROOT}/Target Support Files/Pods-Gardenia/Pods-Gardenia-frameworks-${CONFIGURATION}-output-files.xcfilelist",
			);
			runOnlyForDeploymentPostprocessing = 0;
			shellPath = /bin/sh;
			shellScript = "\"${PODS_ROOT}/Target Support Files/Pods-Gardenia/Pods-Gardenia-frameworks.sh\"\n";
			showEnvVarsInLog = 0;
		};
		8B63CB169F0F8E78C304D8FF /* [CP] Check Pods Manifest.lock */ = {
			isa = PBXShellScriptBuildPhase;
			buildActionMask = 2147483647;
			files = (
			);
			inputFileListPaths = (
			);
			inputPaths = (
				"${PODS_PODFILE_DIR_PATH}/Podfile.lock",
				"${PODS_ROOT}/Manifest.lock",
			);
			name = "[CP] Check Pods Manifest.lock";
			outputFileListPaths = (
			);
			outputPaths = (
				"$(DERIVED_FILE_DIR)/Pods-Gardenia-GardeniaUITests-checkManifestLockResult.txt",
			);
			runOnlyForDeploymentPostprocessing = 0;
			shellPath = /bin/sh;
			shellScript = "diff \"${PODS_PODFILE_DIR_PATH}/Podfile.lock\" \"${PODS_ROOT}/Manifest.lock\" > /dev/null\nif [ $? != 0 ] ; then\n    # print error to STDERR\n    echo \"error: The sandbox is not in sync with the Podfile.lock. Run 'pod install' or update your CocoaPods installation.\" >&2\n    exit 1\nfi\n# This output is used by Xcode 'outputs' to avoid re-running this script phase.\necho \"SUCCESS\" > \"${SCRIPT_OUTPUT_FILE_0}\"\n";
			showEnvVarsInLog = 0;
		};
		D5D1617C65CB09487BEB2CDC /* [CP] Check Pods Manifest.lock */ = {
			isa = PBXShellScriptBuildPhase;
			buildActionMask = 2147483647;
			files = (
			);
			inputFileListPaths = (
			);
			inputPaths = (
				"${PODS_PODFILE_DIR_PATH}/Podfile.lock",
				"${PODS_ROOT}/Manifest.lock",
			);
			name = "[CP] Check Pods Manifest.lock";
			outputFileListPaths = (
			);
			outputPaths = (
				"$(DERIVED_FILE_DIR)/Pods-Gardenia-checkManifestLockResult.txt",
			);
			runOnlyForDeploymentPostprocessing = 0;
			shellPath = /bin/sh;
			shellScript = "diff \"${PODS_PODFILE_DIR_PATH}/Podfile.lock\" \"${PODS_ROOT}/Manifest.lock\" > /dev/null\nif [ $? != 0 ] ; then\n    # print error to STDERR\n    echo \"error: The sandbox is not in sync with the Podfile.lock. Run 'pod install' or update your CocoaPods installation.\" >&2\n    exit 1\nfi\n# This output is used by Xcode 'outputs' to avoid re-running this script phase.\necho \"SUCCESS\" > \"${SCRIPT_OUTPUT_FILE_0}\"\n";
			showEnvVarsInLog = 0;
		};
		F4CC7FA2AC3BF2098DACFAC7 /* [CP] Embed Pods Frameworks */ = {
			isa = PBXShellScriptBuildPhase;
			buildActionMask = 2147483647;
			files = (
			);
			inputFileListPaths = (
				"${PODS_ROOT}/Target Support Files/Pods-Gardenia-GardeniaUITests/Pods-Gardenia-GardeniaUITests-frameworks-${CONFIGURATION}-input-files.xcfilelist",
			);
			name = "[CP] Embed Pods Frameworks";
			outputFileListPaths = (
				"${PODS_ROOT}/Target Support Files/Pods-Gardenia-GardeniaUITests/Pods-Gardenia-GardeniaUITests-frameworks-${CONFIGURATION}-output-files.xcfilelist",
			);
			runOnlyForDeploymentPostprocessing = 0;
			shellPath = /bin/sh;
			shellScript = "\"${PODS_ROOT}/Target Support Files/Pods-Gardenia-GardeniaUITests/Pods-Gardenia-GardeniaUITests-frameworks.sh\"\n";
			showEnvVarsInLog = 0;
		};
/* End PBXShellScriptBuildPhase section */

/* Begin PBXSourcesBuildPhase section */
		A01B7724271532C700042FC9 /* Sources */ = {
			isa = PBXSourcesBuildPhase;
			buildActionMask = 2147483647;
			files = (
				A01B7730271532C700042FC9 /* ViewController.swift in Sources */,
				A01B772C271532C700042FC9 /* AppDelegate.swift in Sources */,
				82F012712729FC3D003BC06F /* ShopViewController.swift in Sources */,
				8253048B2732ECAD0029D9FD /* Inventory.swift in Sources */,
				A0D85F6F2720C572000314B2 /* PlantViewController.swift in Sources */,
				A099B846272995D700BF6FA5 /* RegisterViewController.swift in Sources */,
				A099B844272995C100BF6FA5 /* LoginViewController.swift in Sources */,
				A099B848272995EC00BF6FA5 /* CalendarViewController.swift in Sources */,
				A01B772E271532C700042FC9 /* SceneDelegate.swift in Sources */,
			);
			runOnlyForDeploymentPostprocessing = 0;
		};
		A01B773A271532C800042FC9 /* Sources */ = {
			isa = PBXSourcesBuildPhase;
			buildActionMask = 2147483647;
			files = (
			);
			runOnlyForDeploymentPostprocessing = 0;
		};
		A01B7744271532C800042FC9 /* Sources */ = {
			isa = PBXSourcesBuildPhase;
			buildActionMask = 2147483647;
			files = (
			);
			runOnlyForDeploymentPostprocessing = 0;
		};
/* End PBXSourcesBuildPhase section */

/* Begin PBXTargetDependency section */
		A01B7740271532C800042FC9 /* PBXTargetDependency */ = {
			isa = PBXTargetDependency;
			target = A01B7727271532C700042FC9 /* Gardenia */;
			targetProxy = A01B773F271532C800042FC9 /* PBXContainerItemProxy */;
		};
		A01B774A271532C800042FC9 /* PBXTargetDependency */ = {
			isa = PBXTargetDependency;
			target = A01B7727271532C700042FC9 /* Gardenia */;
			targetProxy = A01B7749271532C800042FC9 /* PBXContainerItemProxy */;
		};
/* End PBXTargetDependency section */

/* Begin PBXVariantGroup section */
		A01B7731271532C700042FC9 /* Main.storyboard */ = {
			isa = PBXVariantGroup;
			children = (
				A01B7732271532C700042FC9 /* Base */,
			);
			name = Main.storyboard;
			sourceTree = "<group>";
		};
		A01B7736271532C800042FC9 /* LaunchScreen.storyboard */ = {
			isa = PBXVariantGroup;
			children = (
				A01B7737271532C800042FC9 /* Base */,
			);
			name = LaunchScreen.storyboard;
			sourceTree = "<group>";
		};
/* End PBXVariantGroup section */

/* Begin XCBuildConfiguration section */
		A01B7750271532C800042FC9 /* Debug */ = {
			isa = XCBuildConfiguration;
			buildSettings = {
				ALWAYS_SEARCH_USER_PATHS = NO;
				CLANG_ANALYZER_NONNULL = YES;
				CLANG_ANALYZER_NUMBER_OBJECT_CONVERSION = YES_AGGRESSIVE;
				CLANG_CXX_LANGUAGE_STANDARD = "gnu++17";
				CLANG_CXX_LIBRARY = "libc++";
				CLANG_ENABLE_MODULES = YES;
				CLANG_ENABLE_OBJC_ARC = YES;
				CLANG_ENABLE_OBJC_WEAK = YES;
				CLANG_WARN_BLOCK_CAPTURE_AUTORELEASING = YES;
				CLANG_WARN_BOOL_CONVERSION = YES;
				CLANG_WARN_COMMA = YES;
				CLANG_WARN_CONSTANT_CONVERSION = YES;
				CLANG_WARN_DEPRECATED_OBJC_IMPLEMENTATIONS = YES;
				CLANG_WARN_DIRECT_OBJC_ISA_USAGE = YES_ERROR;
				CLANG_WARN_DOCUMENTATION_COMMENTS = YES;
				CLANG_WARN_EMPTY_BODY = YES;
				CLANG_WARN_ENUM_CONVERSION = YES;
				CLANG_WARN_INFINITE_RECURSION = YES;
				CLANG_WARN_INT_CONVERSION = YES;
				CLANG_WARN_NON_LITERAL_NULL_CONVERSION = YES;
				CLANG_WARN_OBJC_IMPLICIT_RETAIN_SELF = YES;
				CLANG_WARN_OBJC_LITERAL_CONVERSION = YES;
				CLANG_WARN_OBJC_ROOT_CLASS = YES_ERROR;
				CLANG_WARN_QUOTED_INCLUDE_IN_FRAMEWORK_HEADER = YES;
				CLANG_WARN_RANGE_LOOP_ANALYSIS = YES;
				CLANG_WARN_STRICT_PROTOTYPES = YES;
				CLANG_WARN_SUSPICIOUS_MOVE = YES;
				CLANG_WARN_UNGUARDED_AVAILABILITY = YES_AGGRESSIVE;
				CLANG_WARN_UNREACHABLE_CODE = YES;
				CLANG_WARN__DUPLICATE_METHOD_MATCH = YES;
				COPY_PHASE_STRIP = NO;
				DEBUG_INFORMATION_FORMAT = dwarf;
				ENABLE_STRICT_OBJC_MSGSEND = YES;
				ENABLE_TESTABILITY = YES;
				GCC_C_LANGUAGE_STANDARD = gnu11;
				GCC_DYNAMIC_NO_PIC = NO;
				GCC_NO_COMMON_BLOCKS = YES;
				GCC_OPTIMIZATION_LEVEL = 0;
				GCC_PREPROCESSOR_DEFINITIONS = (
					"DEBUG=1",
					"$(inherited)",
				);
				GCC_WARN_64_TO_32_BIT_CONVERSION = YES;
				GCC_WARN_ABOUT_RETURN_TYPE = YES_ERROR;
				GCC_WARN_UNDECLARED_SELECTOR = YES;
				GCC_WARN_UNINITIALIZED_AUTOS = YES_AGGRESSIVE;
				GCC_WARN_UNUSED_FUNCTION = YES;
				GCC_WARN_UNUSED_VARIABLE = YES;
				IPHONEOS_DEPLOYMENT_TARGET = 15.0;
				MTL_ENABLE_DEBUG_INFO = INCLUDE_SOURCE;
				MTL_FAST_MATH = YES;
				ONLY_ACTIVE_ARCH = YES;
				SDKROOT = iphoneos;
				SWIFT_ACTIVE_COMPILATION_CONDITIONS = DEBUG;
				SWIFT_OPTIMIZATION_LEVEL = "-Onone";
			};
			name = Debug;
		};
		A01B7751271532C800042FC9 /* Release */ = {
			isa = XCBuildConfiguration;
			buildSettings = {
				ALWAYS_SEARCH_USER_PATHS = NO;
				CLANG_ANALYZER_NONNULL = YES;
				CLANG_ANALYZER_NUMBER_OBJECT_CONVERSION = YES_AGGRESSIVE;
				CLANG_CXX_LANGUAGE_STANDARD = "gnu++17";
				CLANG_CXX_LIBRARY = "libc++";
				CLANG_ENABLE_MODULES = YES;
				CLANG_ENABLE_OBJC_ARC = YES;
				CLANG_ENABLE_OBJC_WEAK = YES;
				CLANG_WARN_BLOCK_CAPTURE_AUTORELEASING = YES;
				CLANG_WARN_BOOL_CONVERSION = YES;
				CLANG_WARN_COMMA = YES;
				CLANG_WARN_CONSTANT_CONVERSION = YES;
				CLANG_WARN_DEPRECATED_OBJC_IMPLEMENTATIONS = YES;
				CLANG_WARN_DIRECT_OBJC_ISA_USAGE = YES_ERROR;
				CLANG_WARN_DOCUMENTATION_COMMENTS = YES;
				CLANG_WARN_EMPTY_BODY = YES;
				CLANG_WARN_ENUM_CONVERSION = YES;
				CLANG_WARN_INFINITE_RECURSION = YES;
				CLANG_WARN_INT_CONVERSION = YES;
				CLANG_WARN_NON_LITERAL_NULL_CONVERSION = YES;
				CLANG_WARN_OBJC_IMPLICIT_RETAIN_SELF = YES;
				CLANG_WARN_OBJC_LITERAL_CONVERSION = YES;
				CLANG_WARN_OBJC_ROOT_CLASS = YES_ERROR;
				CLANG_WARN_QUOTED_INCLUDE_IN_FRAMEWORK_HEADER = YES;
				CLANG_WARN_RANGE_LOOP_ANALYSIS = YES;
				CLANG_WARN_STRICT_PROTOTYPES = YES;
				CLANG_WARN_SUSPICIOUS_MOVE = YES;
				CLANG_WARN_UNGUARDED_AVAILABILITY = YES_AGGRESSIVE;
				CLANG_WARN_UNREACHABLE_CODE = YES;
				CLANG_WARN__DUPLICATE_METHOD_MATCH = YES;
				COPY_PHASE_STRIP = NO;
				DEBUG_INFORMATION_FORMAT = "dwarf-with-dsym";
				ENABLE_NS_ASSERTIONS = NO;
				ENABLE_STRICT_OBJC_MSGSEND = YES;
				GCC_C_LANGUAGE_STANDARD = gnu11;
				GCC_NO_COMMON_BLOCKS = YES;
				GCC_WARN_64_TO_32_BIT_CONVERSION = YES;
				GCC_WARN_ABOUT_RETURN_TYPE = YES_ERROR;
				GCC_WARN_UNDECLARED_SELECTOR = YES;
				GCC_WARN_UNINITIALIZED_AUTOS = YES_AGGRESSIVE;
				GCC_WARN_UNUSED_FUNCTION = YES;
				GCC_WARN_UNUSED_VARIABLE = YES;
				IPHONEOS_DEPLOYMENT_TARGET = 15.0;
				MTL_ENABLE_DEBUG_INFO = NO;
				MTL_FAST_MATH = YES;
				SDKROOT = iphoneos;
				SWIFT_COMPILATION_MODE = wholemodule;
				SWIFT_OPTIMIZATION_LEVEL = "-O";
				VALIDATE_PRODUCT = YES;
			};
			name = Release;
		};
		A01B7753271532C800042FC9 /* Debug */ = {
			isa = XCBuildConfiguration;
			baseConfigurationReference = 025CBDCB4FAA8D4669621FC7 /* Pods-Gardenia.debug.xcconfig */;
			buildSettings = {
				ASSETCATALOG_COMPILER_APPICON_NAME = AppIcon;
				ASSETCATALOG_COMPILER_GLOBAL_ACCENT_COLOR_NAME = AccentColor;
				CODE_SIGN_STYLE = Automatic;
				CURRENT_PROJECT_VERSION = 1;
				DEVELOPMENT_TEAM = 52QDZ4L929;
				GENERATE_INFOPLIST_FILE = YES;
				INFOPLIST_FILE = Gardenia/Info.plist;
				INFOPLIST_KEY_UIApplicationSupportsIndirectInputEvents = YES;
				INFOPLIST_KEY_UILaunchStoryboardName = LaunchScreen;
				INFOPLIST_KEY_UIMainStoryboardFile = Main;
				INFOPLIST_KEY_UISupportedInterfaceOrientations_iPad = "UIInterfaceOrientationPortrait UIInterfaceOrientationPortraitUpsideDown UIInterfaceOrientationLandscapeLeft UIInterfaceOrientationLandscapeRight";
				INFOPLIST_KEY_UISupportedInterfaceOrientations_iPhone = "UIInterfaceOrientationPortrait UIInterfaceOrientationLandscapeLeft UIInterfaceOrientationLandscapeRight";
				LD_RUNPATH_SEARCH_PATHS = (
					"$(inherited)",
					"@executable_path/Frameworks",
				);
				MARKETING_VERSION = 1.0;
				PRODUCT_BUNDLE_IDENTIFIER = Group.Gardenia;
				PRODUCT_NAME = "$(TARGET_NAME)";
				SWIFT_EMIT_LOC_STRINGS = YES;
				SWIFT_VERSION = 5.0;
				TARGETED_DEVICE_FAMILY = "1,2";
			};
			name = Debug;
		};
		A01B7754271532C800042FC9 /* Release */ = {
			isa = XCBuildConfiguration;
			baseConfigurationReference = CAA468054FEA197D1B849BAF /* Pods-Gardenia.release.xcconfig */;
			buildSettings = {
				ASSETCATALOG_COMPILER_APPICON_NAME = AppIcon;
				ASSETCATALOG_COMPILER_GLOBAL_ACCENT_COLOR_NAME = AccentColor;
				CODE_SIGN_STYLE = Automatic;
				CURRENT_PROJECT_VERSION = 1;
				DEVELOPMENT_TEAM = 52QDZ4L929;
				GENERATE_INFOPLIST_FILE = YES;
				INFOPLIST_FILE = Gardenia/Info.plist;
				INFOPLIST_KEY_UIApplicationSupportsIndirectInputEvents = YES;
				INFOPLIST_KEY_UILaunchStoryboardName = LaunchScreen;
				INFOPLIST_KEY_UIMainStoryboardFile = Main;
				INFOPLIST_KEY_UISupportedInterfaceOrientations_iPad = "UIInterfaceOrientationPortrait UIInterfaceOrientationPortraitUpsideDown UIInterfaceOrientationLandscapeLeft UIInterfaceOrientationLandscapeRight";
				INFOPLIST_KEY_UISupportedInterfaceOrientations_iPhone = "UIInterfaceOrientationPortrait UIInterfaceOrientationLandscapeLeft UIInterfaceOrientationLandscapeRight";
				LD_RUNPATH_SEARCH_PATHS = (
					"$(inherited)",
					"@executable_path/Frameworks",
				);
				MARKETING_VERSION = 1.0;
				PRODUCT_BUNDLE_IDENTIFIER = Group.Gardenia;
				PRODUCT_NAME = "$(TARGET_NAME)";
				SWIFT_EMIT_LOC_STRINGS = YES;
				SWIFT_VERSION = 5.0;
				TARGETED_DEVICE_FAMILY = "1,2";
			};
			name = Release;
		};
		A01B7756271532C800042FC9 /* Debug */ = {
			isa = XCBuildConfiguration;
			baseConfigurationReference = 637BE28D0582D262EE9066A9 /* Pods-GardeniaTests.debug.xcconfig */;
			buildSettings = {
				ALWAYS_EMBED_SWIFT_STANDARD_LIBRARIES = YES;
				BUNDLE_LOADER = "$(TEST_HOST)";
				CODE_SIGN_STYLE = Automatic;
				CURRENT_PROJECT_VERSION = 1;
				GENERATE_INFOPLIST_FILE = YES;
				IPHONEOS_DEPLOYMENT_TARGET = 15.0;
				LD_RUNPATH_SEARCH_PATHS = (
					"$(inherited)",
					"@executable_path/Frameworks",
					"@loader_path/Frameworks",
				);
				MARKETING_VERSION = 1.0;
				PRODUCT_BUNDLE_IDENTIFIER = Group.GardeniaTests;
				PRODUCT_NAME = "$(TARGET_NAME)";
				SWIFT_EMIT_LOC_STRINGS = NO;
				SWIFT_VERSION = 5.0;
				TARGETED_DEVICE_FAMILY = "1,2";
				TEST_HOST = "$(BUILT_PRODUCTS_DIR)/Gardenia.app/Gardenia";
			};
			name = Debug;
		};
		A01B7757271532C800042FC9 /* Release */ = {
			isa = XCBuildConfiguration;
			baseConfigurationReference = 9F8E280203A866C62CA2C574 /* Pods-GardeniaTests.release.xcconfig */;
			buildSettings = {
				ALWAYS_EMBED_SWIFT_STANDARD_LIBRARIES = YES;
				BUNDLE_LOADER = "$(TEST_HOST)";
				CODE_SIGN_STYLE = Automatic;
				CURRENT_PROJECT_VERSION = 1;
				GENERATE_INFOPLIST_FILE = YES;
				IPHONEOS_DEPLOYMENT_TARGET = 15.0;
				LD_RUNPATH_SEARCH_PATHS = (
					"$(inherited)",
					"@executable_path/Frameworks",
					"@loader_path/Frameworks",
				);
				MARKETING_VERSION = 1.0;
				PRODUCT_BUNDLE_IDENTIFIER = Group.GardeniaTests;
				PRODUCT_NAME = "$(TARGET_NAME)";
				SWIFT_EMIT_LOC_STRINGS = NO;
				SWIFT_VERSION = 5.0;
				TARGETED_DEVICE_FAMILY = "1,2";
				TEST_HOST = "$(BUILT_PRODUCTS_DIR)/Gardenia.app/Gardenia";
			};
			name = Release;
		};
		A01B7759271532C800042FC9 /* Debug */ = {
			isa = XCBuildConfiguration;
			baseConfigurationReference = 0219D115A3F1CB4050A7E011 /* Pods-Gardenia-GardeniaUITests.debug.xcconfig */;
			buildSettings = {
				ALWAYS_EMBED_SWIFT_STANDARD_LIBRARIES = YES;
				CODE_SIGN_STYLE = Automatic;
				CURRENT_PROJECT_VERSION = 1;
				GENERATE_INFOPLIST_FILE = YES;
				LD_RUNPATH_SEARCH_PATHS = (
					"$(inherited)",
					"@executable_path/Frameworks",
					"@loader_path/Frameworks",
				);
				MARKETING_VERSION = 1.0;
				PRODUCT_BUNDLE_IDENTIFIER = Group.GardeniaUITests;
				PRODUCT_NAME = "$(TARGET_NAME)";
				SWIFT_EMIT_LOC_STRINGS = NO;
				SWIFT_VERSION = 5.0;
				TARGETED_DEVICE_FAMILY = "1,2";
				TEST_TARGET_NAME = Gardenia;
			};
			name = Debug;
		};
		A01B775A271532C800042FC9 /* Release */ = {
			isa = XCBuildConfiguration;
			baseConfigurationReference = 66792AEF37EC9CD367FB2771 /* Pods-Gardenia-GardeniaUITests.release.xcconfig */;
			buildSettings = {
				ALWAYS_EMBED_SWIFT_STANDARD_LIBRARIES = YES;
				CODE_SIGN_STYLE = Automatic;
				CURRENT_PROJECT_VERSION = 1;
				GENERATE_INFOPLIST_FILE = YES;
				LD_RUNPATH_SEARCH_PATHS = (
					"$(inherited)",
					"@executable_path/Frameworks",
					"@loader_path/Frameworks",
				);
				MARKETING_VERSION = 1.0;
				PRODUCT_BUNDLE_IDENTIFIER = Group.GardeniaUITests;
				PRODUCT_NAME = "$(TARGET_NAME)";
				SWIFT_EMIT_LOC_STRINGS = NO;
				SWIFT_VERSION = 5.0;
				TARGETED_DEVICE_FAMILY = "1,2";
				TEST_TARGET_NAME = Gardenia;
			};
			name = Release;
		};
/* End XCBuildConfiguration section */

/* Begin XCConfigurationList section */
		A01B7723271532C700042FC9 /* Build configuration list for PBXProject "Gardenia" */ = {
			isa = XCConfigurationList;
			buildConfigurations = (
				A01B7750271532C800042FC9 /* Debug */,
				A01B7751271532C800042FC9 /* Release */,
			);
			defaultConfigurationIsVisible = 0;
			defaultConfigurationName = Release;
		};
		A01B7752271532C800042FC9 /* Build configuration list for PBXNativeTarget "Gardenia" */ = {
			isa = XCConfigurationList;
			buildConfigurations = (
				A01B7753271532C800042FC9 /* Debug */,
				A01B7754271532C800042FC9 /* Release */,
			);
			defaultConfigurationIsVisible = 0;
			defaultConfigurationName = Release;
		};
		A01B7755271532C800042FC9 /* Build configuration list for PBXNativeTarget "GardeniaTests" */ = {
			isa = XCConfigurationList;
			buildConfigurations = (
				A01B7756271532C800042FC9 /* Debug */,
				A01B7757271532C800042FC9 /* Release */,
			);
			defaultConfigurationIsVisible = 0;
			defaultConfigurationName = Release;
		};
		A01B7758271532C800042FC9 /* Build configuration list for PBXNativeTarget "GardeniaUITests" */ = {
			isa = XCConfigurationList;
			buildConfigurations = (
				A01B7759271532C800042FC9 /* Debug */,
				A01B775A271532C800042FC9 /* Release */,
			);
			defaultConfigurationIsVisible = 0;
			defaultConfigurationName = Release;
		};
/* End XCConfigurationList section */
	};
	rootObject = A01B7720271532C700042FC9 /* Project object */;
}
